// !$*UTF8*$!
{
	archiveVersion = 1;
	classes = {
	};
	objectVersion = 50;
	objects = {

/* Begin PBXBuildFile section */
		2366713522C073600084AA37 /* AppDelegate.swift in Sources */ = {isa = PBXBuildFile; fileRef = 2366713422C073600084AA37 /* AppDelegate.swift */; };
		2366713722C073600084AA37 /* HomeController.swift in Sources */ = {isa = PBXBuildFile; fileRef = 2366713622C073600084AA37 /* HomeController.swift */; };
		2366713A22C073600084AA37 /* Main.storyboard in Resources */ = {isa = PBXBuildFile; fileRef = 2366713822C073600084AA37 /* Main.storyboard */; };
		2366713C22C073610084AA37 /* Assets.xcassets in Resources */ = {isa = PBXBuildFile; fileRef = 2366713B22C073610084AA37 /* Assets.xcassets */; };
		2366713F22C073610084AA37 /* LaunchScreen.storyboard in Resources */ = {isa = PBXBuildFile; fileRef = 2366713D22C073610084AA37 /* LaunchScreen.storyboard */; };
		2366714A22C073610084AA37 /* youtubeTests.swift in Sources */ = {isa = PBXBuildFile; fileRef = 2366714922C073610084AA37 /* youtubeTests.swift */; };
		2366715522C073620084AA37 /* youtubeUITests.swift in Sources */ = {isa = PBXBuildFile; fileRef = 2366715422C073620084AA37 /* youtubeUITests.swift */; };
		2393E1FA22CB466E00084CD7 /* Extention.swift in Sources */ = {isa = PBXBuildFile; fileRef = 2393E1F922CB466E00084CD7 /* Extention.swift */; };
		2393E1FD22CB46D600084CD7 /* VideoCell.swift in Sources */ = {isa = PBXBuildFile; fileRef = 2393E1FC22CB46D600084CD7 /* VideoCell.swift */; };
		2393E20022CB497500084CD7 /* MenuBar.swift in Sources */ = {isa = PBXBuildFile; fileRef = 2393E1FF22CB497500084CD7 /* MenuBar.swift */; };
/* End PBXBuildFile section */

/* Begin PBXContainerItemProxy section */
		2366714622C073610084AA37 /* PBXContainerItemProxy */ = {
			isa = PBXContainerItemProxy;
			containerPortal = 2366712922C073600084AA37 /* Project object */;
			proxyType = 1;
			remoteGlobalIDString = 2366713022C073600084AA37;
			remoteInfo = youtube;
		};
		2366715122C073620084AA37 /* PBXContainerItemProxy */ = {
			isa = PBXContainerItemProxy;
			containerPortal = 2366712922C073600084AA37 /* Project object */;
			proxyType = 1;
			remoteGlobalIDString = 2366713022C073600084AA37;
			remoteInfo = youtube;
		};
/* End PBXContainerItemProxy section */

/* Begin PBXFileReference section */
		2366713122C073600084AA37 /* youtube.app */ = {isa = PBXFileReference; explicitFileType = wrapper.application; includeInIndex = 0; path = youtube.app; sourceTree = BUILT_PRODUCTS_DIR; };
		2366713422C073600084AA37 /* AppDelegate.swift */ = {isa = PBXFileReference; lastKnownFileType = sourcecode.swift; path = AppDelegate.swift; sourceTree = "<group>"; };
		2366713622C073600084AA37 /* HomeController.swift */ = {isa = PBXFileReference; lastKnownFileType = sourcecode.swift; path = HomeController.swift; sourceTree = "<group>"; };
		2366713922C073600084AA37 /* Base */ = {isa = PBXFileReference; lastKnownFileType = file.storyboard; name = Base; path = Base.lproj/Main.storyboard; sourceTree = "<group>"; };
		2366713B22C073610084AA37 /* Assets.xcassets */ = {isa = PBXFileReference; lastKnownFileType = folder.assetcatalog; path = Assets.xcassets; sourceTree = "<group>"; };
		2366713E22C073610084AA37 /* Base */ = {isa = PBXFileReference; lastKnownFileType = file.storyboard; name = Base; path = Base.lproj/LaunchScreen.storyboard; sourceTree = "<group>"; };
		2366714022C073610084AA37 /* Info.plist */ = {isa = PBXFileReference; lastKnownFileType = text.plist.xml; path = Info.plist; sourceTree = "<group>"; };
		2366714522C073610084AA37 /* youtubeTests.xctest */ = {isa = PBXFileReference; explicitFileType = wrapper.cfbundle; includeInIndex = 0; path = youtubeTests.xctest; sourceTree = BUILT_PRODUCTS_DIR; };
		2366714922C073610084AA37 /* youtubeTests.swift */ = {isa = PBXFileReference; lastKnownFileType = sourcecode.swift; path = youtubeTests.swift; sourceTree = "<group>"; };
		2366714B22C073610084AA37 /* Info.plist */ = {isa = PBXFileReference; lastKnownFileType = text.plist.xml; path = Info.plist; sourceTree = "<group>"; };
		2366715022C073620084AA37 /* youtubeUITests.xctest */ = {isa = PBXFileReference; explicitFileType = wrapper.cfbundle; includeInIndex = 0; path = youtubeUITests.xctest; sourceTree = BUILT_PRODUCTS_DIR; };
		2366715422C073620084AA37 /* youtubeUITests.swift */ = {isa = PBXFileReference; lastKnownFileType = sourcecode.swift; path = youtubeUITests.swift; sourceTree = "<group>"; };
		2366715622C073620084AA37 /* Info.plist */ = {isa = PBXFileReference; lastKnownFileType = text.plist.xml; path = Info.plist; sourceTree = "<group>"; };
		2393E1F922CB466E00084CD7 /* Extention.swift */ = {isa = PBXFileReference; lastKnownFileType = sourcecode.swift; path = Extention.swift; sourceTree = "<group>"; };
		2393E1FC22CB46D600084CD7 /* VideoCell.swift */ = {isa = PBXFileReference; lastKnownFileType = sourcecode.swift; path = VideoCell.swift; sourceTree = "<group>"; };
		2393E1FF22CB497500084CD7 /* MenuBar.swift */ = {isa = PBXFileReference; lastKnownFileType = sourcecode.swift; path = MenuBar.swift; sourceTree = "<group>"; };
/* End PBXFileReference section */

/* Begin PBXFrameworksBuildPhase section */
		2366712E22C073600084AA37 /* Frameworks */ = {
			isa = PBXFrameworksBuildPhase;
			buildActionMask = 2147483647;
			files = (
			);
			runOnlyForDeploymentPostprocessing = 0;
		};
		2366714222C073610084AA37 /* Frameworks */ = {
			isa = PBXFrameworksBuildPhase;
			buildActionMask = 2147483647;
			files = (
			);
			runOnlyForDeploymentPostprocessing = 0;
		};
		2366714D22C073620084AA37 /* Frameworks */ = {
			isa = PBXFrameworksBuildPhase;
			buildActionMask = 2147483647;
			files = (
			);
			runOnlyForDeploymentPostprocessing = 0;
		};
/* End PBXFrameworksBuildPhase section */

/* Begin PBXGroup section */
		2366712822C073600084AA37 = {
			isa = PBXGroup;
			children = (
				2366713322C073600084AA37 /* youtube */,
				2366714822C073610084AA37 /* youtubeTests */,
				2366715322C073620084AA37 /* youtubeUITests */,
				2366713222C073600084AA37 /* Products */,
			);
			sourceTree = "<group>";
		};
		2366713222C073600084AA37 /* Products */ = {
			isa = PBXGroup;
			children = (
				2366713122C073600084AA37 /* youtube.app */,
				2366714522C073610084AA37 /* youtubeTests.xctest */,
				2366715022C073620084AA37 /* youtubeUITests.xctest */,
			);
			name = Products;
			sourceTree = "<group>";
		};
		2366713322C073600084AA37 /* youtube */ = {
			isa = PBXGroup;
			children = (
				2393E1FE22CB46EC00084CD7 /* controller */,
				2393E1FB22CB46C000084CD7 /* view */,
				2393E1F822CB465600084CD7 /* helper */,
				2366713422C073600084AA37 /* AppDelegate.swift */,
				2366713822C073600084AA37 /* Main.storyboard */,
				2366713B22C073610084AA37 /* Assets.xcassets */,
				2366713D22C073610084AA37 /* LaunchScreen.storyboard */,
				2366714022C073610084AA37 /* Info.plist */,
			);
			path = youtube;
			sourceTree = "<group>";
		};
		2366714822C073610084AA37 /* youtubeTests */ = {
			isa = PBXGroup;
			children = (
				2366714922C073610084AA37 /* youtubeTests.swift */,
				2366714B22C073610084AA37 /* Info.plist */,
			);
			path = youtubeTests;
			sourceTree = "<group>";
		};
		2366715322C073620084AA37 /* youtubeUITests */ = {
			isa = PBXGroup;
			children = (
				2366715422C073620084AA37 /* youtubeUITests.swift */,
				2366715622C073620084AA37 /* Info.plist */,
			);
			path = youtubeUITests;
			sourceTree = "<group>";
		};
		2393E1F822CB465600084CD7 /* helper */ = {
			isa = PBXGroup;
			children = (
				2393E1F922CB466E00084CD7 /* Extention.swift */,
			);
			path = helper;
			sourceTree = "<group>";
		};
		2393E1FB22CB46C000084CD7 /* view */ = {
			isa = PBXGroup;
			children = (
				2393E1FC22CB46D600084CD7 /* VideoCell.swift */,
				2393E1FF22CB497500084CD7 /* MenuBar.swift */,
			);
			path = view;
			sourceTree = "<group>";
		};
		2393E1FE22CB46EC00084CD7 /* controller */ = {
			isa = PBXGroup;
			children = (
				2366713622C073600084AA37 /* HomeController.swift */,
			);
			path = controller;
			sourceTree = "<group>";
		};
/* End PBXGroup section */

/* Begin PBXNativeTarget section */
		2366713022C073600084AA37 /* youtube */ = {
			isa = PBXNativeTarget;
			buildConfigurationList = 2366715922C073620084AA37 /* Build configuration list for PBXNativeTarget "youtube" */;
			buildPhases = (
				2366712D22C073600084AA37 /* Sources */,
				2366712E22C073600084AA37 /* Frameworks */,
				2366712F22C073600084AA37 /* Resources */,
			);
			buildRules = (
			);
			dependencies = (
			);
			name = youtube;
			productName = youtube;
			productReference = 2366713122C073600084AA37 /* youtube.app */;
			productType = "com.apple.product-type.application";
		};
		2366714422C073610084AA37 /* youtubeTests */ = {
			isa = PBXNativeTarget;
			buildConfigurationList = 2366715C22C073620084AA37 /* Build configuration list for PBXNativeTarget "youtubeTests" */;
			buildPhases = (
				2366714122C073610084AA37 /* Sources */,
				2366714222C073610084AA37 /* Frameworks */,
				2366714322C073610084AA37 /* Resources */,
			);
			buildRules = (
			);
			dependencies = (
				2366714722C073610084AA37 /* PBXTargetDependency */,
			);
			name = youtubeTests;
			productName = youtubeTests;
			productReference = 2366714522C073610084AA37 /* youtubeTests.xctest */;
			productType = "com.apple.product-type.bundle.unit-test";
		};
		2366714F22C073620084AA37 /* youtubeUITests */ = {
			isa = PBXNativeTarget;
			buildConfigurationList = 2366715F22C073620084AA37 /* Build configuration list for PBXNativeTarget "youtubeUITests" */;
			buildPhases = (
				2366714C22C073620084AA37 /* Sources */,
				2366714D22C073620084AA37 /* Frameworks */,
				2366714E22C073620084AA37 /* Resources */,
			);
			buildRules = (
			);
			dependencies = (
				2366715222C073620084AA37 /* PBXTargetDependency */,
			);
			name = youtubeUITests;
			productName = youtubeUITests;
			productReference = 2366715022C073620084AA37 /* youtubeUITests.xctest */;
			productType = "com.apple.product-type.bundle.ui-testing";
		};
/* End PBXNativeTarget section */

/* Begin PBXProject section */
		2366712922C073600084AA37 /* Project object */ = {
			isa = PBXProject;
			attributes = {
				LastSwiftUpdateCheck = 1010;
				LastUpgradeCheck = 1010;
				ORGANIZATIONNAME = "Tu (Callie) T. NGUYEN";
				TargetAttributes = {
					2366713022C073600084AA37 = {
						CreatedOnToolsVersion = 10.1;
					};
					2366714422C073610084AA37 = {
						CreatedOnToolsVersion = 10.1;
						TestTargetID = 2366713022C073600084AA37;
					};
					2366714F22C073620084AA37 = {
						CreatedOnToolsVersion = 10.1;
						TestTargetID = 2366713022C073600084AA37;
					};
				};
			};
			buildConfigurationList = 2366712C22C073600084AA37 /* Build configuration list for PBXProject "youtube" */;
			compatibilityVersion = "Xcode 9.3";
			developmentRegion = en;
			hasScannedForEncodings = 0;
			knownRegions = (
				en,
				Base,
			);
			mainGroup = 2366712822C073600084AA37;
			productRefGroup = 2366713222C073600084AA37 /* Products */;
			projectDirPath = "";
			projectRoot = "";
			targets = (
				2366713022C073600084AA37 /* youtube */,
				2366714422C073610084AA37 /* youtubeTests */,
				2366714F22C073620084AA37 /* youtubeUITests */,
			);
		};
/* End PBXProject section */

/* Begin PBXResourcesBuildPhase section */
		2366712F22C073600084AA37 /* Resources */ = {
			isa = PBXResourcesBuildPhase;
			buildActionMask = 2147483647;
			files = (
				2366713F22C073610084AA37 /* LaunchScreen.storyboard in Resources */,
				2366713C22C073610084AA37 /* Assets.xcassets in Resources */,
				2366713A22C073600084AA37 /* Main.storyboard in Resources */,
			);
			runOnlyForDeploymentPostprocessing = 0;
		};
		2366714322C073610084AA37 /* Resources */ = {
			isa = PBXResourcesBuildPhase;
			buildActionMask = 2147483647;
			files = (
			);
			runOnlyForDeploymentPostprocessing = 0;
		};
		2366714E22C073620084AA37 /* Resources */ = {
			isa = PBXResourcesBuildPhase;
			buildActionMask = 2147483647;
			files = (
			);
			runOnlyForDeploymentPostprocessing = 0;
		};
/* End PBXResourcesBuildPhase section */

/* Begin PBXSourcesBuildPhase section */
		2366712D22C073600084AA37 /* Sources */ = {
			isa = PBXSourcesBuildPhase;
			buildActionMask = 2147483647;
			files = (
				2366713722C073600084AA37 /* HomeController.swift in Sources */,
				2393E1FD22CB46D600084CD7 /* VideoCell.swift in Sources */,
				2393E1FA22CB466E00084CD7 /* Extention.swift in Sources */,
				2366713522C073600084AA37 /* AppDelegate.swift in Sources */,
				2393E20022CB497500084CD7 /* MenuBar.swift in Sources */,
			);
			runOnlyForDeploymentPostprocessing = 0;
		};
		2366714122C073610084AA37 /* Sources */ = {
			isa = PBXSourcesBuildPhase;
			buildActionMask = 2147483647;
			files = (
				2366714A22C073610084AA37 /* youtubeTests.swift in Sources */,
			);
			runOnlyForDeploymentPostprocessing = 0;
		};
		2366714C22C073620084AA37 /* Sources */ = {
			isa = PBXSourcesBuildPhase;
			buildActionMask = 2147483647;
			files = (
				2366715522C073620084AA37 /* youtubeUITests.swift in Sources */,
			);
			runOnlyForDeploymentPostprocessing = 0;
		};
/* End PBXSourcesBuildPhase section */

/* Begin PBXTargetDependency section */
		2366714722C073610084AA37 /* PBXTargetDependency */ = {
			isa = PBXTargetDependency;
			target = 2366713022C073600084AA37 /* youtube */;
			targetProxy = 2366714622C073610084AA37 /* PBXContainerItemProxy */;
		};
		2366715222C073620084AA37 /* PBXTargetDependency */ = {
			isa = PBXTargetDependency;
			target = 2366713022C073600084AA37 /* youtube */;
			targetProxy = 2366715122C073620084AA37 /* PBXContainerItemProxy */;
		};
/* End PBXTargetDependency section */

/* Begin PBXVariantGroup section */
		2366713822C073600084AA37 /* Main.storyboard */ = {
			isa = PBXVariantGroup;
			children = (
				2366713922C073600084AA37 /* Base */,
			);
			name = Main.storyboard;
			sourceTree = "<group>";
		};
		2366713D22C073610084AA37 /* LaunchScreen.storyboard */ = {
			isa = PBXVariantGroup;
			children = (
				2366713E22C073610084AA37 /* Base */,
			);
			name = LaunchScreen.storyboard;
			sourceTree = "<group>";
		};
/* End PBXVariantGroup section */

/* Begin XCBuildConfiguration section */
		2366715722C073620084AA37 /* Debug */ = {
			isa = XCBuildConfiguration;
			buildSettings = {
				ALWAYS_SEARCH_USER_PATHS = NO;
				CLANG_ANALYZER_NONNULL = YES;
				CLANG_ANALYZER_NUMBER_OBJECT_CONVERSION = YES_AGGRESSIVE;
				CLANG_CXX_LANGUAGE_STANDARD = "gnu++14";
				CLANG_CXX_LIBRARY = "libc++";
				CLANG_ENABLE_MODULES = YES;
				CLANG_ENABLE_OBJC_ARC = YES;
				CLANG_ENABLE_OBJC_WEAK = YES;
				CLANG_WARN_BLOCK_CAPTURE_AUTORELEASING = YES;
				CLANG_WARN_BOOL_CONVERSION = YES;
				CLANG_WARN_COMMA = YES;
				CLANG_WARN_CONSTANT_CONVERSION = YES;
				CLANG_WARN_DEPRECATED_OBJC_IMPLEMENTATIONS = YES;
				CLANG_WARN_DIRECT_OBJC_ISA_USAGE = YES_ERROR;
				CLANG_WARN_DOCUMENTATION_COMMENTS = YES;
				CLANG_WARN_EMPTY_BODY = YES;
				CLANG_WARN_ENUM_CONVERSION = YES;
				CLANG_WARN_INFINITE_RECURSION = YES;
				CLANG_WARN_INT_CONVERSION = YES;
				CLANG_WARN_NON_LITERAL_NULL_CONVERSION = YES;
				CLANG_WARN_OBJC_IMPLICIT_RETAIN_SELF = YES;
				CLANG_WARN_OBJC_LITERAL_CONVERSION = YES;
				CLANG_WARN_OBJC_ROOT_CLASS = YES_ERROR;
				CLANG_WARN_RANGE_LOOP_ANALYSIS = YES;
				CLANG_WARN_STRICT_PROTOTYPES = YES;
				CLANG_WARN_SUSPICIOUS_MOVE = YES;
				CLANG_WARN_UNGUARDED_AVAILABILITY = YES_AGGRESSIVE;
				CLANG_WARN_UNREACHABLE_CODE = YES;
				CLANG_WARN__DUPLICATE_METHOD_MATCH = YES;
				CODE_SIGN_IDENTITY = "iPhone Developer";
				COPY_PHASE_STRIP = NO;
				DEBUG_INFORMATION_FORMAT = dwarf;
				ENABLE_STRICT_OBJC_MSGSEND = YES;
				ENABLE_TESTABILITY = YES;
				GCC_C_LANGUAGE_STANDARD = gnu11;
				GCC_DYNAMIC_NO_PIC = NO;
				GCC_NO_COMMON_BLOCKS = YES;
				GCC_OPTIMIZATION_LEVEL = 0;
				GCC_PREPROCESSOR_DEFINITIONS = (
					"DEBUG=1",
					"$(inherited)",
				);
				GCC_WARN_64_TO_32_BIT_CONVERSION = YES;
				GCC_WARN_ABOUT_RETURN_TYPE = YES_ERROR;
				GCC_WARN_UNDECLARED_SELECTOR = YES;
				GCC_WARN_UNINITIALIZED_AUTOS = YES_AGGRESSIVE;
				GCC_WARN_UNUSED_FUNCTION = YES;
				GCC_WARN_UNUSED_VARIABLE = YES;
				IPHONEOS_DEPLOYMENT_TARGET = 12.1;
				MTL_ENABLE_DEBUG_INFO = INCLUDE_SOURCE;
				MTL_FAST_MATH = YES;
				ONLY_ACTIVE_ARCH = YES;
				SDKROOT = iphoneos;
				SWIFT_ACTIVE_COMPILATION_CONDITIONS = DEBUG;
				SWIFT_OPTIMIZATION_LEVEL = "-Onone";
			};
			name = Debug;
		};
		2366715822C073620084AA37 /* Release */ = {
			isa = XCBuildConfiguration;
			buildSettings = {
				ALWAYS_SEARCH_USER_PATHS = NO;
				CLANG_ANALYZER_NONNULL = YES;
				CLANG_ANALYZER_NUMBER_OBJECT_CONVERSION = YES_AGGRESSIVE;
				CLANG_CXX_LANGUAGE_STANDARD = "gnu++14";
				CLANG_CXX_LIBRARY = "libc++";
				CLANG_ENABLE_MODULES = YES;
				CLANG_ENABLE_OBJC_ARC = YES;
				CLANG_ENABLE_OBJC_WEAK = YES;
				CLANG_WARN_BLOCK_CAPTURE_AUTORELEASING = YES;
				CLANG_WARN_BOOL_CONVERSION = YES;
				CLANG_WARN_COMMA = YES;
				CLANG_WARN_CONSTANT_CONVERSION = YES;
				CLANG_WARN_DEPRECATED_OBJC_IMPLEMENTATIONS = YES;
				CLANG_WARN_DIRECT_OBJC_ISA_USAGE = YES_ERROR;
				CLANG_WARN_DOCUMENTATION_COMMENTS = YES;
				CLANG_WARN_EMPTY_BODY = YES;
				CLANG_WARN_ENUM_CONVERSION = YES;
				CLANG_WARN_INFINITE_RECURSION = YES;
				CLANG_WARN_INT_CONVERSION = YES;
				CLANG_WARN_NON_LITERAL_NULL_CONVERSION = YES;
				CLANG_WARN_OBJC_IMPLICIT_RETAIN_SELF = YES;
				CLANG_WARN_OBJC_LITERAL_CONVERSION = YES;
				CLANG_WARN_OBJC_ROOT_CLASS = YES_ERROR;
				CLANG_WARN_RANGE_LOOP_ANALYSIS = YES;
				CLANG_WARN_STRICT_PROTOTYPES = YES;
				CLANG_WARN_SUSPICIOUS_MOVE = YES;
				CLANG_WARN_UNGUARDED_AVAILABILITY = YES_AGGRESSIVE;
				CLANG_WARN_UNREACHABLE_CODE = YES;
				CLANG_WARN__DUPLICATE_METHOD_MATCH = YES;
				CODE_SIGN_IDENTITY = "iPhone Developer";
				COPY_PHASE_STRIP = NO;
				DEBUG_INFORMATION_FORMAT = "dwarf-with-dsym";
				ENABLE_NS_ASSERTIONS = NO;
				ENABLE_STRICT_OBJC_MSGSEND = YES;
				GCC_C_LANGUAGE_STANDARD = gnu11;
				GCC_NO_COMMON_BLOCKS = YES;
				GCC_WARN_64_TO_32_BIT_CONVERSION = YES;
				GCC_WARN_ABOUT_RETURN_TYPE = YES_ERROR;
				GCC_WARN_UNDECLARED_SELECTOR = YES;
				GCC_WARN_UNINITIALIZED_AUTOS = YES_AGGRESSIVE;
				GCC_WARN_UNUSED_FUNCTION = YES;
				GCC_WARN_UNUSED_VARIABLE = YES;
				IPHONEOS_DEPLOYMENT_TARGET = 12.1;
				MTL_ENABLE_DEBUG_INFO = NO;
				MTL_FAST_MATH = YES;
				SDKROOT = iphoneos;
				SWIFT_COMPILATION_MODE = wholemodule;
				SWIFT_OPTIMIZATION_LEVEL = "-O";
				VALIDATE_PRODUCT = YES;
			};
			name = Release;
		};
		2366715A22C073620084AA37 /* Debug */ = {
			isa = XCBuildConfiguration;
			buildSettings = {
				ASSETCATALOG_COMPILER_APPICON_NAME = AppIcon;
				CODE_SIGN_STYLE = Automatic;
				DEVELOPMENT_TEAM = T23PE6R3CV;
				INFOPLIST_FILE = youtube/Info.plist;
				LD_RUNPATH_SEARCH_PATHS = (
					"$(inherited)",
					"@executable_path/Frameworks",
				);
				PRODUCT_BUNDLE_IDENTIFIER = Enclave.youtube;
				PRODUCT_NAME = "$(TARGET_NAME)";
				SWIFT_VERSION = 4.2;
				TARGETED_DEVICE_FAMILY = "1,2";
			};
			name = Debug;
		};
		2366715B22C073620084AA37 /* Release */ = {
			isa = XCBuildConfiguration;
			buildSettings = {
				ASSETCATALOG_COMPILER_APPICON_NAME = AppIcon;
				CODE_SIGN_STYLE = Automatic;
				DEVELOPMENT_TEAM = T23PE6R3CV;
				INFOPLIST_FILE = youtube/Info.plist;
				LD_RUNPATH_SEARCH_PATHS = (
					"$(inherited)",
					"@executable_path/Frameworks",
				);
				PRODUCT_BUNDLE_IDENTIFIER = Enclave.youtube;
				PRODUCT_NAME = "$(TARGET_NAME)";
				SWIFT_VERSION = 4.2;
				TARGETED_DEVICE_FAMILY = "1,2";
			};
			name = Release;
		};
		2366715D22C073620084AA37 /* Debug */ = {
			isa = XCBuildConfiguration;
			buildSettings = {
				ALWAYS_EMBED_SWIFT_STANDARD_LIBRARIES = YES;
				BUNDLE_LOADER = "$(TEST_HOST)";
				CODE_SIGN_STYLE = Automatic;
				INFOPLIST_FILE = youtubeTests/Info.plist;
				LD_RUNPATH_SEARCH_PATHS = (
					"$(inherited)",
					"@executable_path/Frameworks",
					"@loader_path/Frameworks",
				);
				PRODUCT_BUNDLE_IDENTIFIER = Enclave.youtubeTests;
				PRODUCT_NAME = "$(TARGET_NAME)";
				SWIFT_VERSION = 4.2;
				TARGETED_DEVICE_FAMILY = "1,2";
				TEST_HOST = "$(BUILT_PRODUCTS_DIR)/youtube.app/youtube";
			};
			name = Debug;
		};
		2366715E22C073620084AA37 /* Release */ = {
			isa = XCBuildConfiguration;
			buildSettings = {
				ALWAYS_EMBED_SWIFT_STANDARD_LIBRARIES = YES;
				BUNDLE_LOADER = "$(TEST_HOST)";
				CODE_SIGN_STYLE = Automatic;
				INFOPLIST_FILE = youtubeTests/Info.plist;
				LD_RUNPATH_SEARCH_PATHS = (
					"$(inherited)",
					"@executable_path/Frameworks",
					"@loader_path/Frameworks",
				);
				PRODUCT_BUNDLE_IDENTIFIER = Enclave.youtubeTests;
				PRODUCT_NAME = "$(TARGET_NAME)";
				SWIFT_VERSION = 4.2;
				TARGETED_DEVICE_FAMILY = "1,2";
				TEST_HOST = "$(BUILT_PRODUCTS_DIR)/youtube.app/youtube";
			};
			name = Release;
		};
		2366716022C073620084AA37 /* Debug */ = {
			isa = XCBuildConfiguration;
			buildSettings = {
				ALWAYS_EMBED_SWIFT_STANDARD_LIBRARIES = YES;
				CODE_SIGN_STYLE = Automatic;
				INFOPLIST_FILE = youtubeUITests/Info.plist;
				LD_RUNPATH_SEARCH_PATHS = (
					"$(inherited)",
					"@executable_path/Frameworks",
					"@loader_path/Frameworks",
				);
				PRODUCT_BUNDLE_IDENTIFIER = Enclave.youtubeUITests;
				PRODUCT_NAME = "$(TARGET_NAME)";
				SWIFT_VERSION = 4.2;
				TARGETED_DEVICE_FAMILY = "1,2";
				TEST_TARGET_NAME = youtube;
			};
			name = Debug;
		};
		2366716122C073620084AA37 /* Release */ = {
			isa = XCBuildConfiguration;
			buildSettings = {
				ALWAYS_EMBED_SWIFT_STANDARD_LIBRARIES = YES;
				CODE_SIGN_STYLE = Automatic;
				INFOPLIST_FILE = youtubeUITests/Info.plist;
				LD_RUNPATH_SEARCH_PATHS = (
					"$(inherited)",
					"@executable_path/Frameworks",
					"@loader_path/Frameworks",
				);
				PRODUCT_BUNDLE_IDENTIFIER = Enclave.youtubeUITests;
				PRODUCT_NAME = "$(TARGET_NAME)";
				SWIFT_VERSION = 4.2;
				TARGETED_DEVICE_FAMILY = "1,2";
				TEST_TARGET_NAME = youtube;
			};
			name = Release;
		};
/* End XCBuildConfiguration section */

/* Begin XCConfigurationList section */
		2366712C22C073600084AA37 /* Build configuration list for PBXProject "youtube" */ = {
			isa = XCConfigurationList;
			buildConfigurations = (
				2366715722C073620084AA37 /* Debug */,
				2366715822C073620084AA37 /* Release */,
			);
			defaultConfigurationIsVisible = 0;
			defaultConfigurationName = Release;
		};
		2366715922C073620084AA37 /* Build configuration list for PBXNativeTarget "youtube" */ = {
			isa = XCConfigurationList;
			buildConfigurations = (
				2366715A22C073620084AA37 /* Debug */,
				2366715B22C073620084AA37 /* Release */,
			);
			defaultConfigurationIsVisible = 0;
			defaultConfigurationName = Release;
		};
		2366715C22C073620084AA37 /* Build configuration list for PBXNativeTarget "youtubeTests" */ = {
			isa = XCConfigurationList;
			buildConfigurations = (
				2366715D22C073620084AA37 /* Debug */,
				2366715E22C073620084AA37 /* Release */,
			);
			defaultConfigurationIsVisible = 0;
			defaultConfigurationName = Release;
		};
		2366715F22C073620084AA37 /* Build configuration list for PBXNativeTarget "youtubeUITests" */ = {
			isa = XCConfigurationList;
			buildConfigurations = (
				2366716022C073620084AA37 /* Debug */,
				2366716122C073620084AA37 /* Release */,
			);
			defaultConfigurationIsVisible = 0;
			defaultConfigurationName = Release;
		};
/* End XCConfigurationList section */
	};
	rootObject = 2366712922C073600084AA37 /* Project object */;
}
